
Microsoft Visual Studio Solution File, Format Version 12.00
# Visual Studio Version 17
VisualStudioVersion = 17.9.34714.143
MinimumVisualStudioVersion = 10.0.40219.1
Project("{FAE04EC0-301F-11D3-BF4B-00C04F79EFBC}") = "AnallyzerAPI", "AnallyzerAPI.csproj", "{ECD53EE6-CCAC-4CDF-AA8E-B029434D40B7}"
EndProject
Global
	GlobalSection(SolutionConfigurationPlatforms) = preSolution
		Debug|Any CPU = Debug|Any CPU
		Release|Any CPU = Release|Any CPU
	EndGlobalSection
	GlobalSection(ProjectConfigurationPlatforms) = postSolution
		{ECD53EE6-CCAC-4CDF-AA8E-B029434D40B7}.Debug|Any CPU.ActiveCfg = Debug|Any CPU
		{ECD53EE6-CCAC-4CDF-AA8E-B029434D40B7}.Debug|Any CPU.Build.0 = Debug|Any CPU
		{ECD53EE6-CCAC-4CDF-AA8E-B029434D40B7}.Release|Any CPU.ActiveCfg = Release|Any CPU
		{ECD53EE6-CCAC-4CDF-AA8E-B029434D40B7}.Release|Any CPU.Build.0 = Release|Any CPU
	EndGlobalSection
	GlobalSection(SolutionProperties) = preSolution
		HideSolutionNode = FALSE
	EndGlobalSection
	GlobalSection(ExtensibilityGlobals) = postSolution
		SolutionGuid = {9C4ED40D-EB4E-4BD3-ACC1-80973BCAA88E}
	EndGlobalSection
EndGlobal
